{
  "name": "usher",
  "version": "0.6.0",
  "dependencies": {
    "async": {
      "version": "1.2.0",
      "from": "async@*",
      "resolved": "https://registry.npmjs.org/async/-/async-1.2.0.tgz"
    },
    "aws-swf": {
      "version": "4.1.0",
      "from": "aws-swf@*",
      "resolved": "https://registry.npmjs.org/aws-swf/-/aws-swf-4.1.0.tgz",
      "dependencies": {
        "aws-sdk": {
          "version": "2.0.31",
          "from": "aws-sdk@~2.0.7",
          "resolved": "https://registry.npmjs.org/aws-sdk/-/aws-sdk-2.0.31.tgz",
          "dependencies": {
            "xml2js": {
              "version": "0.2.6",
              "from": "xml2js@0.2.6",
              "resolved": "https://registry.npmjs.org/xml2js/-/xml2js-0.2.6.tgz",
              "dependencies": {
                "sax": {
                  "version": "0.4.2",
                  "from": "sax@0.4.2",
                  "resolved": "https://registry.npmjs.org/sax/-/sax-0.4.2.tgz"
                }
              }
            },
            "xmlbuilder": {
              "version": "0.4.2",
              "from": "xmlbuilder@0.4.2",
              "resolved": "https://registry.npmjs.org/xmlbuilder/-/xmlbuilder-0.4.2.tgz"
            }
          }
        },
        "lodash": {
          "version": "2.4.2",
          "from": "lodash@~2.4.1",
          "resolved": "https://registry.npmjs.org/lodash/-/lodash-2.4.2.tgz"
        }
      }
    },
    "backoff": {
      "version": "2.4.1",
      "from": "backoff@*",
      "resolved": "https://registry.npmjs.org/backoff/-/backoff-2.4.1.tgz",
      "dependencies": {
        "precond": {
          "version": "0.2.3",
          "from": "precond@0.2",
          "resolved": "https://registry.npmjs.org/precond/-/precond-0.2.3.tgz"
        }
      }
    },
    "gonfalon": {
      "version": "0.1.0",
      "from": "gonfalon@*",
      "resolved": "https://registry.npmjs.org/gonfalon/-/gonfalon-0.1.0.tgz"
    },
    "lodash": {
      "version": "3.9.3",
      "from": "lodash@*",
      "resolved": "https://registry.npmjs.org/lodash/-/lodash-3.9.3.tgz"
    },
    "orchestrator": {
      "version": "0.3.7",
      "from": "orchestrator@*",
      "resolved": "https://registry.npmjs.org/orchestrator/-/orchestrator-0.3.7.tgz",
      "dependencies": {
        "end-of-stream": {
          "version": "0.1.5",
          "from": "end-of-stream@~0.1.5",
          "resolved": "https://registry.npmjs.org/end-of-stream/-/end-of-stream-0.1.5.tgz",
          "dependencies": {
            "once": {
              "version": "1.3.2",
              "from": "once@~1.3.0",
              "resolved": "https://registry.npmjs.org/once/-/once-1.3.2.tgz",
              "dependencies": {
                "wrappy": {
                  "version": "1.0.1",
                  "from": "wrappy@1",
                  "resolved": "https://registry.npmjs.org/wrappy/-/wrappy-1.0.1.tgz"
                }
              }
            }
          }
        },
        "sequencify": {
          "version": "0.0.7",
          "from": "sequencify@~0.0.7",
          "resolved": "https://registry.npmjs.org/sequencify/-/sequencify-0.0.7.tgz"
        },
        "stream-consume": {
          "version": "0.1.0",
          "from": "stream-consume@~0.1.0",
          "resolved": "https://registry.npmjs.org/stream-consume/-/stream-consume-0.1.0.tgz"
        }
      }
    },
    "semver": {
      "version": "4.3.6",
      "from": "semver@*",
      "resolved": "https://registry.npmjs.org/semver/-/semver-4.3.6.tgz"
    },
    "sequencify": {
      "version": "1.0.0",
      "from": "sequencify@git://github.com/robrich/sequencify.git",
      "resolved": "git://github.com/robrich/sequencify.git#1c66e1cda4b08f78814752eeca9296fed0435212"
    }
  }
}
